github.com/fastrodev/rider v0.0.0-20210606103916-507671102faf h1:ueBQBl+nVFW4EXzrnF9LAY1bs+OC8yuY0s/ojxJGqnY=
github.com/fastrodev/rider v0.0.0-20210606103916-507671102faf/go.mod h1:9SQ1IQBcZtJay7Xc9ZhLuVLwK2HBmaAt8ik1XAAz7cE=
github.com/fastrodev/rider v0.0.0-20210607161050-3b9e2eb3e9c5 h1:oAIGfmunwOPOn+/hOFv9LAuP/Djeddj6XYLyalgPnjc=
github.com/fastrodev/rider v0.0.0-20210607161050-3b9e2eb3e9c5/go.mod h1:9SQ1IQBcZtJay7Xc9ZhLuVLwK2HBmaAt8ik1XAAz7cE=
