github.com/fastrodev/fastrex v0.0.0-20210612234926-42e5a3dcf244 h1:mAfBvvtIeV5rvNJ1VI1cT74TxnCK3Z/0CvE22wb97TY=
github.com/fastrodev/fastrex v0.0.0-20210612234926-42e5a3dcf244/go.mod h1:ifRnR+fygX9xhD6pBbTl5Yuaeo/oQqF2N3mwmBJPogM=
github.com/fastrodev/fastrex v0.0.0-20210613030210-68d585fdff02 h1:uvdruOknPnZhW0BYhEht6a8/aJycQQZ2HRRcnv+eBJU=
github.com/fastrodev/fastrex v0.0.0-20210613030210-68d585fdff02/go.mod h1:ifRnR+fygX9xhD6pBbTl5Yuaeo/oQqF2N3mwmBJPogM=
github.com/fastrodev/rider v0.0.0-20210606103916-507671102faf h1:ueBQBl+nVFW4EXzrnF9LAY1bs+OC8yuY0s/ojxJGqnY=
github.com/fastrodev/rider v0.0.0-20210606103916-507671102faf/go.mod h1:9SQ1IQBcZtJay7Xc9ZhLuVLwK2HBmaAt8ik1XAAz7cE=
github.com/fastrodev/rider v0.0.0-20210607161050-3b9e2eb3e9c5 h1:oAIGfmunwOPOn+/hOFv9LAuP/Djeddj6XYLyalgPnjc=
github.com/fastrodev/rider v0.0.0-20210607161050-3b9e2eb3e9c5/go.mod h1:9SQ1IQBcZtJay7Xc9ZhLuVLwK2HBmaAt8ik1XAAz7cE=
