github.com/fastrodev/fastrex v0.0.0-20210625160000-f4323ac77313 h1:IrHeYtCEhyrG+VhWLeBvKcCoNpwgMxn/m6ngmbSz28Y=
github.com/fastrodev/fastrex v0.0.0-20210625160000-f4323ac77313/go.mod h1:ifRnR+fygX9xhD6pBbTl5Yuaeo/oQqF2N3mwmBJPogM=
github.com/fastrodev/fastrex v0.0.0-20210625164235-134351427d21 h1:lcTRGo0l1rmtv9C+RMlX+Ye1VbmMAPtejzcKBxcTWGQ=
github.com/fastrodev/fastrex v0.0.0-20210625164235-134351427d21/go.mod h1:ifRnR+fygX9xhD6pBbTl5Yuaeo/oQqF2N3mwmBJPogM=
